dependencies:
  espressif/esp_lcd_touch:
    component_hash: d4d8f2dc33205797169a97a02e0d89a8982f59fe0509129b54422052b8522f59
    source:
      service_url: https://api.components.espressif.com/
      type: service
    version: 1.1.1
  idf:
    component_hash: null
    source:
      type: idf
    version: 5.1.2
manifest_hash: b83332635123c7ce812ead1fa4dc8690b2a7168044c4b130cc8c8cfb40d6e52f
target: esp32s3
version: 1.0.0
